
Microsoft Visual Studio Solution File, Format Version 12.00
# Visual Studio 15
VisualStudioVersion = 15.0.26403.7
MinimumVisualStudioVersion = 10.0.40219.1
Project("{FAE04EC0-301F-11D3-BF4B-00C04F79EFBC}") = "CodeFights.CSharp", "CodeFights\CodeFights.CSharp.csproj", "{81699205-C591-4928-8A60-3B0E887A0BAF}"
EndProject
Project("{FAE04EC0-301F-11D3-BF4B-00C04F79EFBC}") = "CodeFights.CSharp.UnitTest", "CodeFights.CSharp.UnitTest\CodeFights.CSharp.UnitTest.csproj", "{6CD9FB13-30CD-45F4-B00E-6ABB936E0EB4}"
EndProject
Global
	GlobalSection(SolutionConfigurationPlatforms) = preSolution
		Debug|Any CPU = Debug|Any CPU
		Release|Any CPU = Release|Any CPU
	EndGlobalSection
	GlobalSection(ProjectConfigurationPlatforms) = postSolution
		{81699205-C591-4928-8A60-3B0E887A0BAF}.Debug|Any CPU.ActiveCfg = Debug|Any CPU
		{81699205-C591-4928-8A60-3B0E887A0BAF}.Debug|Any CPU.Build.0 = Debug|Any CPU
		{81699205-C591-4928-8A60-3B0E887A0BAF}.Release|Any CPU.ActiveCfg = Release|Any CPU
		{81699205-C591-4928-8A60-3B0E887A0BAF}.Release|Any CPU.Build.0 = Release|Any CPU
		{6CD9FB13-30CD-45F4-B00E-6ABB936E0EB4}.Debug|Any CPU.ActiveCfg = Debug|Any CPU
		{6CD9FB13-30CD-45F4-B00E-6ABB936E0EB4}.Debug|Any CPU.Build.0 = Debug|Any CPU
		{6CD9FB13-30CD-45F4-B00E-6ABB936E0EB4}.Release|Any CPU.ActiveCfg = Release|Any CPU
		{6CD9FB13-30CD-45F4-B00E-6ABB936E0EB4}.Release|Any CPU.Build.0 = Release|Any CPU
	EndGlobalSection
	GlobalSection(SolutionProperties) = preSolution
		HideSolutionNode = FALSE
	EndGlobalSection
EndGlobal
